
Microsoft Visual Studio Solution File, Format Version 12.00
# Visual Studio 15
VisualStudioVersion = 15.0.27130.2024
MinimumVisualStudioVersion = 10.0.40219.1
Project("{FAE04EC0-301F-11D3-BF4B-00C04F79EFBC}") = "gitConsoleTest", "gitConsoleTest\gitConsoleTest.csproj", "{B0F0AAEB-4A50-4C14-8E2C-00E26CB523AD}"
EndProject
Global
	GlobalSection(SolutionConfigurationPlatforms) = preSolution
		Debug|Any CPU = Debug|Any CPU
		Release|Any CPU = Release|Any CPU
	EndGlobalSection
	GlobalSection(ProjectConfigurationPlatforms) = postSolution
		{B0F0AAEB-4A50-4C14-8E2C-00E26CB523AD}.Debug|Any CPU.ActiveCfg = Debug|Any CPU
		{B0F0AAEB-4A50-4C14-8E2C-00E26CB523AD}.Debug|Any CPU.Build.0 = Debug|Any CPU
		{B0F0AAEB-4A50-4C14-8E2C-00E26CB523AD}.Release|Any CPU.ActiveCfg = Release|Any CPU
		{B0F0AAEB-4A50-4C14-8E2C-00E26CB523AD}.Release|Any CPU.Build.0 = Release|Any CPU
	EndGlobalSection
	GlobalSection(SolutionProperties) = preSolution
		HideSolutionNode = FALSE
	EndGlobalSection
	GlobalSection(ExtensibilityGlobals) = postSolution
		SolutionGuid = {8979FCF9-6874-47D1-9990-54941D7FDE29}
	EndGlobalSection
EndGlobal
